
Microsoft Visual Studio Solution File, Format Version 12.00
# Visual Studio Version 17
VisualStudioVersion = 17.8.34330.188
MinimumVisualStudioVersion = 10.0.40219.1
Project("{FAE04EC0-301F-11D3-BF4B-00C04F79EFBC}") = "ADO_1", "ADO_1\ADO_1.csproj", "{77AF7C78-2A04-4F0A-A9AF-E25AA43940ED}"
EndProject
Global
	GlobalSection(SolutionConfigurationPlatforms) = preSolution
		Debug|Any CPU = Debug|Any CPU
		Release|Any CPU = Release|Any CPU
	EndGlobalSection
	GlobalSection(ProjectConfigurationPlatforms) = postSolution
		{77AF7C78-2A04-4F0A-A9AF-E25AA43940ED}.Debug|Any CPU.ActiveCfg = Debug|Any CPU
		{77AF7C78-2A04-4F0A-A9AF-E25AA43940ED}.Debug|Any CPU.Build.0 = Debug|Any CPU
		{77AF7C78-2A04-4F0A-A9AF-E25AA43940ED}.Release|Any CPU.ActiveCfg = Release|Any CPU
		{77AF7C78-2A04-4F0A-A9AF-E25AA43940ED}.Release|Any CPU.Build.0 = Release|Any CPU
	EndGlobalSection
	GlobalSection(SolutionProperties) = preSolution
		HideSolutionNode = FALSE
	EndGlobalSection
	GlobalSection(ExtensibilityGlobals) = postSolution
		SolutionGuid = {B3BAABE2-FEDA-49F1-92AB-F83E8C916972}
	EndGlobalSection
EndGlobal
